
Microsoft Visual Studio Solution File, Format Version 12.00
# Visual Studio Version 16
VisualStudioVersion = 16.0.31112.23
MinimumVisualStudioVersion = 10.0.40219.1
Project("{FAE04EC0-301F-11D3-BF4B-00C04F79EFBC}") = "Pharmacy.API", "Pharmacy.API\Pharmacy.API.csproj", "{C1610D30-360F-4940-A76F-8C948DBDEA55}"
EndProject
Project("{FAE04EC0-301F-11D3-BF4B-00C04F79EFBC}") = "Pharmacy.Core", "Pharmacy.Core\Pharmacy.Core.csproj", "{9C94EED1-91F9-4593-BFA9-D5E0F18EC213}"
EndProject
Project("{FAE04EC0-301F-11D3-BF4B-00C04F79EFBC}") = "Pharmacy.Infra", "Pharmacy.Infra\Pharmacy.Infra.csproj", "{B46956B2-F02D-4BE2-9380-246EE688DFE8}"
EndProject
Global
	GlobalSection(SolutionConfigurationPlatforms) = preSolution
		Debug|Any CPU = Debug|Any CPU
		Release|Any CPU = Release|Any CPU
	EndGlobalSection
	GlobalSection(ProjectConfigurationPlatforms) = postSolution
		{C1610D30-360F-4940-A76F-8C948DBDEA55}.Debug|Any CPU.ActiveCfg = Debug|Any CPU
		{C1610D30-360F-4940-A76F-8C948DBDEA55}.Debug|Any CPU.Build.0 = Debug|Any CPU
		{C1610D30-360F-4940-A76F-8C948DBDEA55}.Release|Any CPU.ActiveCfg = Release|Any CPU
		{C1610D30-360F-4940-A76F-8C948DBDEA55}.Release|Any CPU.Build.0 = Release|Any CPU
		{9C94EED1-91F9-4593-BFA9-D5E0F18EC213}.Debug|Any CPU.ActiveCfg = Debug|Any CPU
		{9C94EED1-91F9-4593-BFA9-D5E0F18EC213}.Debug|Any CPU.Build.0 = Debug|Any CPU
		{9C94EED1-91F9-4593-BFA9-D5E0F18EC213}.Release|Any CPU.ActiveCfg = Release|Any CPU
		{9C94EED1-91F9-4593-BFA9-D5E0F18EC213}.Release|Any CPU.Build.0 = Release|Any CPU
		{B46956B2-F02D-4BE2-9380-246EE688DFE8}.Debug|Any CPU.ActiveCfg = Debug|Any CPU
		{B46956B2-F02D-4BE2-9380-246EE688DFE8}.Debug|Any CPU.Build.0 = Debug|Any CPU
		{B46956B2-F02D-4BE2-9380-246EE688DFE8}.Release|Any CPU.ActiveCfg = Release|Any CPU
		{B46956B2-F02D-4BE2-9380-246EE688DFE8}.Release|Any CPU.Build.0 = Release|Any CPU
	EndGlobalSection
	GlobalSection(SolutionProperties) = preSolution
		HideSolutionNode = FALSE
	EndGlobalSection
	GlobalSection(ExtensibilityGlobals) = postSolution
		SolutionGuid = {86E9A517-7B98-42DE-81ED-0990EC1DA9FD}
	EndGlobalSection
EndGlobal
